{
  "name": "plugins",
  "lockfileVersion": 3,
  "requires": true,
  "packages": {
    "": {
      "dependencies": {
        "verilator": "^0.1.0"
      }
    },
    "node_modules/verilator": {
      "version": "0.1.0",
      "resolved": "https://registry.npmjs.org/verilator/-/verilator-0.1.0.tgz",
      "integrity": "sha512-HptfVjFwWm8tmh7m38nSbNVch4DLMbOlasdGUN+loEQ2l8UePp6rVPATmQVqH+MUNtYlHHXoJM7gNLGLYa415g=="
    }
  }
}
